
Microsoft Visual Studio Solution File, Format Version 12.00
# Visual Studio 15
VisualStudioVersion = 15.0.28307.168
MinimumVisualStudioVersion = 10.0.40219.1
Project("{FAE04EC0-301F-11D3-BF4B-00C04F79EFBC}") = "mac", "mac\mac.csproj", "{D4C2ABAB-CE97-4B07-A12F-CB2C69E306D6}"
EndProject
Global
	GlobalSection(SolutionConfigurationPlatforms) = preSolution
		Debug|Any CPU = Debug|Any CPU
		Release|Any CPU = Release|Any CPU
	EndGlobalSection
	GlobalSection(ProjectConfigurationPlatforms) = postSolution
		{D4C2ABAB-CE97-4B07-A12F-CB2C69E306D6}.Debug|Any CPU.ActiveCfg = Debug|Any CPU
		{D4C2ABAB-CE97-4B07-A12F-CB2C69E306D6}.Debug|Any CPU.Build.0 = Debug|Any CPU
		{D4C2ABAB-CE97-4B07-A12F-CB2C69E306D6}.Release|Any CPU.ActiveCfg = Release|Any CPU
		{D4C2ABAB-CE97-4B07-A12F-CB2C69E306D6}.Release|Any CPU.Build.0 = Release|Any CPU
	EndGlobalSection
	GlobalSection(SolutionProperties) = preSolution
		HideSolutionNode = FALSE
	EndGlobalSection
	GlobalSection(ExtensibilityGlobals) = postSolution
		SolutionGuid = {E53F81A6-AA75-4F1B-BE13-A4FE71A71FA6}
	EndGlobalSection
EndGlobal
